{
    "_meta": {
        "hash": {
            "sha256": "be4e49f26f142d6c8f015521b0fc199e5b589e52d9daa448804da05679e53f9a"
        },
        "pipfile-spec": 6,
        "requires": {
            "python_version": "3.9"
        },
        "sources": [
            {
                "name": "pypi",
                "url": "https://pypi.org/simple",
                "verify_ssl": true
            }
        ]
    },
    "default": {
        "camelcase": {
            "hashes": [
                "sha256:cb416a1f5ee10473120ac49303a5b927b879c74de9624ebe2764b8cd26791ee2"
            ],
            "index": "pypi",
            "version": "==0.2"
        }
    },
    "develop": {}
}
